
Microsoft Visual Studio Solution File, Format Version 12.00
# Visual Studio 2012
Project("{FAE04EC0-301F-11D3-BF4B-00C04F79EFBC}") = "FirstCodeAnalysis", "FirstCodeAnalysis\FirstCodeAnalysis.csproj", "{EBB037F6-5164-4F44-8992-E68B15577B79}"
EndProject
Project("{FAE04EC0-301F-11D3-BF4B-00C04F79EFBC}") = "FirstSignalR", "FirstSignalR\FirstSignalR.csproj", "{CE4C6518-6D52-49D0-B7B2-084D26C5A884}"
EndProject
Project("{2150E333-8FDC-42A3-9474-1A3956D46DE8}") = "WCF", "WCF", "{A5C25B5F-3246-4121-8351-78FB1C13E6FB}"
EndProject
Project("{2150E333-8FDC-42A3-9474-1A3956D46DE8}") = "Part-1", "Part-1", "{84CB73F9-D65F-476D-9B93-81BA60D4EE49}"
EndProject
Project("{FAE04EC0-301F-11D3-BF4B-00C04F79EFBC}") = "WcfTraining.Business", "WcfTraining.Business\WcfTraining.Business.csproj", "{F030331D-9C86-44C2-9563-4C31C60AAA1B}"
EndProject
Project("{FAE04EC0-301F-11D3-BF4B-00C04F79EFBC}") = "WcfTraining.Contracts", "WcfTraining.Contracts\WcfTraining.Contracts.csproj", "{FC68117D-7AA6-419F-8931-1C0A58DDA723}"
EndProject
Project("{FAE04EC0-301F-11D3-BF4B-00C04F79EFBC}") = "WcfTraining.Services", "WcfTraining.Services\WcfTraining.Services.csproj", "{A715A73D-318A-4A25-8DFF-22A828AC379A}"
EndProject
Project("{FAE04EC0-301F-11D3-BF4B-00C04F79EFBC}") = "WcfTraining.Host", "WcfTraining.Host\WcfTraining.Host.csproj", "{9CA466EC-3E9D-4DF0-9C57-C6FEE510681B}"
EndProject
Project("{FAE04EC0-301F-11D3-BF4B-00C04F79EFBC}") = "WcfTraining.Client", "WcfTraining.Client\WcfTraining.Client.csproj", "{9363B694-BD2C-4291-931B-384E3C657CFA}"
EndProject
Project("{FAE04EC0-301F-11D3-BF4B-00C04F79EFBC}") = "OOPSConcepts", "OOPSConcepts\OOPSConcepts.csproj", "{9FE7DDEC-2A09-4C92-9DDF-B4FBD35AD09B}"
EndProject
Project("{2150E333-8FDC-42A3-9474-1A3956D46DE8}") = "Part-2", "Part-2", "{F8C62E7D-D498-43C4-B7A0-882C02D9740E}"
EndProject
Project("{FAE04EC0-301F-11D3-BF4B-00C04F79EFBC}") = "InstancingAndConcurrency.Contract", "InstancingAndConcurrency.Contract\InstancingAndConcurrency.Contract.csproj", "{15B3E0D2-6217-493A-A690-158C497F5318}"
EndProject
Project("{FAE04EC0-301F-11D3-BF4B-00C04F79EFBC}") = "InstancingAndConcurrency.Service", "InstancingAndConcurrency.Service\InstancingAndConcurrency.Service.csproj", "{A8164DED-EEC1-4B4E-A4E7-025EDEB7C9E4}"
EndProject
Project("{FAE04EC0-301F-11D3-BF4B-00C04F79EFBC}") = "InstancingAndConcurrency.Host", "InstancingAndConcurrency.Host\InstancingAndConcurrency.Host.csproj", "{92881E86-93C5-4688-82FF-47AC0B54818E}"
EndProject
Project("{FAE04EC0-301F-11D3-BF4B-00C04F79EFBC}") = "InstancingAndConcurrency.Client", "InstancingAndConcurrency.Client\InstancingAndConcurrency.Client.csproj", "{07E772C3-F744-4725-A5D1-D53EAACC16FF}"
EndProject
Global
	GlobalSection(SolutionConfigurationPlatforms) = preSolution
		Debug|Any CPU = Debug|Any CPU
		Release|Any CPU = Release|Any CPU
	EndGlobalSection
	GlobalSection(ProjectConfigurationPlatforms) = postSolution
		{EBB037F6-5164-4F44-8992-E68B15577B79}.Debug|Any CPU.ActiveCfg = Debug|Any CPU
		{EBB037F6-5164-4F44-8992-E68B15577B79}.Debug|Any CPU.Build.0 = Debug|Any CPU
		{EBB037F6-5164-4F44-8992-E68B15577B79}.Release|Any CPU.ActiveCfg = Release|Any CPU
		{EBB037F6-5164-4F44-8992-E68B15577B79}.Release|Any CPU.Build.0 = Release|Any CPU
		{CE4C6518-6D52-49D0-B7B2-084D26C5A884}.Debug|Any CPU.ActiveCfg = Debug|Any CPU
		{CE4C6518-6D52-49D0-B7B2-084D26C5A884}.Debug|Any CPU.Build.0 = Debug|Any CPU
		{CE4C6518-6D52-49D0-B7B2-084D26C5A884}.Release|Any CPU.ActiveCfg = Release|Any CPU
		{CE4C6518-6D52-49D0-B7B2-084D26C5A884}.Release|Any CPU.Build.0 = Release|Any CPU
		{F030331D-9C86-44C2-9563-4C31C60AAA1B}.Debug|Any CPU.ActiveCfg = Debug|Any CPU
		{F030331D-9C86-44C2-9563-4C31C60AAA1B}.Debug|Any CPU.Build.0 = Debug|Any CPU
		{F030331D-9C86-44C2-9563-4C31C60AAA1B}.Release|Any CPU.ActiveCfg = Release|Any CPU
		{F030331D-9C86-44C2-9563-4C31C60AAA1B}.Release|Any CPU.Build.0 = Release|Any CPU
		{FC68117D-7AA6-419F-8931-1C0A58DDA723}.Debug|Any CPU.ActiveCfg = Debug|Any CPU
		{FC68117D-7AA6-419F-8931-1C0A58DDA723}.Debug|Any CPU.Build.0 = Debug|Any CPU
		{FC68117D-7AA6-419F-8931-1C0A58DDA723}.Release|Any CPU.ActiveCfg = Release|Any CPU
		{FC68117D-7AA6-419F-8931-1C0A58DDA723}.Release|Any CPU.Build.0 = Release|Any CPU
		{A715A73D-318A-4A25-8DFF-22A828AC379A}.Debug|Any CPU.ActiveCfg = Debug|Any CPU
		{A715A73D-318A-4A25-8DFF-22A828AC379A}.Debug|Any CPU.Build.0 = Debug|Any CPU
		{A715A73D-318A-4A25-8DFF-22A828AC379A}.Release|Any CPU.ActiveCfg = Release|Any CPU
		{A715A73D-318A-4A25-8DFF-22A828AC379A}.Release|Any CPU.Build.0 = Release|Any CPU
		{9CA466EC-3E9D-4DF0-9C57-C6FEE510681B}.Debug|Any CPU.ActiveCfg = Debug|Any CPU
		{9CA466EC-3E9D-4DF0-9C57-C6FEE510681B}.Debug|Any CPU.Build.0 = Debug|Any CPU
		{9CA466EC-3E9D-4DF0-9C57-C6FEE510681B}.Release|Any CPU.ActiveCfg = Release|Any CPU
		{9CA466EC-3E9D-4DF0-9C57-C6FEE510681B}.Release|Any CPU.Build.0 = Release|Any CPU
		{9363B694-BD2C-4291-931B-384E3C657CFA}.Debug|Any CPU.ActiveCfg = Debug|Any CPU
		{9363B694-BD2C-4291-931B-384E3C657CFA}.Debug|Any CPU.Build.0 = Debug|Any CPU
		{9363B694-BD2C-4291-931B-384E3C657CFA}.Release|Any CPU.ActiveCfg = Release|Any CPU
		{9363B694-BD2C-4291-931B-384E3C657CFA}.Release|Any CPU.Build.0 = Release|Any CPU
		{9FE7DDEC-2A09-4C92-9DDF-B4FBD35AD09B}.Debug|Any CPU.ActiveCfg = Debug|Any CPU
		{9FE7DDEC-2A09-4C92-9DDF-B4FBD35AD09B}.Debug|Any CPU.Build.0 = Debug|Any CPU
		{9FE7DDEC-2A09-4C92-9DDF-B4FBD35AD09B}.Release|Any CPU.ActiveCfg = Release|Any CPU
		{9FE7DDEC-2A09-4C92-9DDF-B4FBD35AD09B}.Release|Any CPU.Build.0 = Release|Any CPU
		{15B3E0D2-6217-493A-A690-158C497F5318}.Debug|Any CPU.ActiveCfg = Debug|Any CPU
		{15B3E0D2-6217-493A-A690-158C497F5318}.Debug|Any CPU.Build.0 = Debug|Any CPU
		{15B3E0D2-6217-493A-A690-158C497F5318}.Release|Any CPU.ActiveCfg = Release|Any CPU
		{15B3E0D2-6217-493A-A690-158C497F5318}.Release|Any CPU.Build.0 = Release|Any CPU
		{A8164DED-EEC1-4B4E-A4E7-025EDEB7C9E4}.Debug|Any CPU.ActiveCfg = Debug|Any CPU
		{A8164DED-EEC1-4B4E-A4E7-025EDEB7C9E4}.Debug|Any CPU.Build.0 = Debug|Any CPU
		{A8164DED-EEC1-4B4E-A4E7-025EDEB7C9E4}.Release|Any CPU.ActiveCfg = Release|Any CPU
		{A8164DED-EEC1-4B4E-A4E7-025EDEB7C9E4}.Release|Any CPU.Build.0 = Release|Any CPU
		{92881E86-93C5-4688-82FF-47AC0B54818E}.Debug|Any CPU.ActiveCfg = Debug|Any CPU
		{92881E86-93C5-4688-82FF-47AC0B54818E}.Debug|Any CPU.Build.0 = Debug|Any CPU
		{92881E86-93C5-4688-82FF-47AC0B54818E}.Release|Any CPU.ActiveCfg = Release|Any CPU
		{92881E86-93C5-4688-82FF-47AC0B54818E}.Release|Any CPU.Build.0 = Release|Any CPU
		{07E772C3-F744-4725-A5D1-D53EAACC16FF}.Debug|Any CPU.ActiveCfg = Debug|Any CPU
		{07E772C3-F744-4725-A5D1-D53EAACC16FF}.Debug|Any CPU.Build.0 = Debug|Any CPU
		{07E772C3-F744-4725-A5D1-D53EAACC16FF}.Release|Any CPU.ActiveCfg = Release|Any CPU
		{07E772C3-F744-4725-A5D1-D53EAACC16FF}.Release|Any CPU.Build.0 = Release|Any CPU
	EndGlobalSection
	GlobalSection(SolutionProperties) = preSolution
		HideSolutionNode = FALSE
	EndGlobalSection
	GlobalSection(NestedProjects) = preSolution
		{84CB73F9-D65F-476D-9B93-81BA60D4EE49} = {A5C25B5F-3246-4121-8351-78FB1C13E6FB}
		{F8C62E7D-D498-43C4-B7A0-882C02D9740E} = {A5C25B5F-3246-4121-8351-78FB1C13E6FB}
		{F030331D-9C86-44C2-9563-4C31C60AAA1B} = {84CB73F9-D65F-476D-9B93-81BA60D4EE49}
		{FC68117D-7AA6-419F-8931-1C0A58DDA723} = {84CB73F9-D65F-476D-9B93-81BA60D4EE49}
		{A715A73D-318A-4A25-8DFF-22A828AC379A} = {84CB73F9-D65F-476D-9B93-81BA60D4EE49}
		{9CA466EC-3E9D-4DF0-9C57-C6FEE510681B} = {84CB73F9-D65F-476D-9B93-81BA60D4EE49}
		{9363B694-BD2C-4291-931B-384E3C657CFA} = {84CB73F9-D65F-476D-9B93-81BA60D4EE49}
		{15B3E0D2-6217-493A-A690-158C497F5318} = {F8C62E7D-D498-43C4-B7A0-882C02D9740E}
		{A8164DED-EEC1-4B4E-A4E7-025EDEB7C9E4} = {F8C62E7D-D498-43C4-B7A0-882C02D9740E}
		{92881E86-93C5-4688-82FF-47AC0B54818E} = {F8C62E7D-D498-43C4-B7A0-882C02D9740E}
		{07E772C3-F744-4725-A5D1-D53EAACC16FF} = {F8C62E7D-D498-43C4-B7A0-882C02D9740E}
	EndGlobalSection
EndGlobal
